Microsoft Visual Studio Solution File, Format Version 12.00
# Visual Studio Version 17
VisualStudioVersion = 17.5.2.0
MinimumVisualStudioVersion = 10.0.40219.1
Project("{FAE04EC0-301F-11D3-BF4B-00C04F79EFBC}") = "RiwiMusic", "RiwiMusic.csproj", "{189039BD-0E66-1F67-FC0F-526419EB27A1}"
EndProject
Global
	GlobalSection(SolutionConfigurationPlatforms) = preSolution
		Debug|Any CPU = Debug|Any CPU
		Release|Any CPU = Release|Any CPU
	EndGlobalSection
	GlobalSection(ProjectConfigurationPlatforms) = postSolution
		{189039BD-0E66-1F67-FC0F-526419EB27A1}.Debug|Any CPU.ActiveCfg = Debug|Any CPU
		{189039BD-0E66-1F67-FC0F-526419EB27A1}.Debug|Any CPU.Build.0 = Debug|Any CPU
		{189039BD-0E66-1F67-FC0F-526419EB27A1}.Release|Any CPU.ActiveCfg = Release|Any CPU
		{189039BD-0E66-1F67-FC0F-526419EB27A1}.Release|Any CPU.Build.0 = Release|Any CPU
	EndGlobalSection
	GlobalSection(SolutionProperties) = preSolution
		HideSolutionNode = FALSE
	EndGlobalSection
	GlobalSection(ExtensibilityGlobals) = postSolution
		SolutionGuid = {1A57053F-22D5-45C1-9F08-BD6F8B7AC400}
	EndGlobalSection
EndGlobal
